
Microsoft Visual Studio Solution File, Format Version 12.00
# Visual Studio Version 16
VisualStudioVersion = 16.0.31702.278
MinimumVisualStudioVersion = 10.0.40219.1
Project("{9A19103F-16F7-4668-BE54-9A1E7A4F7556}") = "Lecture10", "Lecture10\Lecture10.csproj", "{93AE7C66-F65B-44EA-BCC0-33B64D298F1C}"
EndProject
Project("{FAE04EC0-301F-11D3-BF4B-00C04F79EFBC}") = "Lecture09", "Lecture09\Lecture09.csproj", "{BB0B086F-1630-4660-BA4E-53C50A73CD9A}"
EndProject
Global
	GlobalSection(SolutionConfigurationPlatforms) = preSolution
		Debug|Any CPU = Debug|Any CPU
		Release|Any CPU = Release|Any CPU
	EndGlobalSection
	GlobalSection(ProjectConfigurationPlatforms) = postSolution
		{93AE7C66-F65B-44EA-BCC0-33B64D298F1C}.Debug|Any CPU.ActiveCfg = Debug|Any CPU
		{93AE7C66-F65B-44EA-BCC0-33B64D298F1C}.Debug|Any CPU.Build.0 = Debug|Any CPU
		{93AE7C66-F65B-44EA-BCC0-33B64D298F1C}.Release|Any CPU.ActiveCfg = Release|Any CPU
		{93AE7C66-F65B-44EA-BCC0-33B64D298F1C}.Release|Any CPU.Build.0 = Release|Any CPU
		{BB0B086F-1630-4660-BA4E-53C50A73CD9A}.Debug|Any CPU.ActiveCfg = Debug|Any CPU
		{BB0B086F-1630-4660-BA4E-53C50A73CD9A}.Debug|Any CPU.Build.0 = Debug|Any CPU
		{BB0B086F-1630-4660-BA4E-53C50A73CD9A}.Release|Any CPU.ActiveCfg = Release|Any CPU
		{BB0B086F-1630-4660-BA4E-53C50A73CD9A}.Release|Any CPU.Build.0 = Release|Any CPU
	EndGlobalSection
	GlobalSection(SolutionProperties) = preSolution
		HideSolutionNode = FALSE
	EndGlobalSection
	GlobalSection(ExtensibilityGlobals) = postSolution
		SolutionGuid = {1EDC62A3-507F-4F58-BE19-1E0E269DE8A9}
	EndGlobalSection
EndGlobal
